
Microsoft Visual Studio Solution File, Format Version 12.00
# Visual Studio 15
VisualStudioVersion = 15.0.26124.0
MinimumVisualStudioVersion = 15.0.26124.0
Project("{2150E333-8FDC-42A3-9474-1A3956D46DE8}") = "src", "src", "{73D2845A-778F-4ECF-955F-5FA925B28C9B}"
EndProject
Project("{FAE04EC0-301F-11D3-BF4B-00C04F79EFBC}") = "CommandAPI", "src\CommandAPI\CommandAPI.csproj", "{07135127-3DF4-45E1-A508-36F966C7BCC7}"
EndProject
Project("{2150E333-8FDC-42A3-9474-1A3956D46DE8}") = "test", "test", "{FBDA26AA-0FA4-4C48-A351-827D7A4950C4}"
EndProject
Project("{FAE04EC0-301F-11D3-BF4B-00C04F79EFBC}") = "CommandAPI.Tests", "test\CommandAPI.Tests\CommandAPI.Tests.csproj", "{7D23C0DD-88E8-4B80-99E2-6285BB513E1B}"
EndProject
Global
	GlobalSection(SolutionConfigurationPlatforms) = preSolution
		Debug|Any CPU = Debug|Any CPU
		Debug|x64 = Debug|x64
		Debug|x86 = Debug|x86
		Release|Any CPU = Release|Any CPU
		Release|x64 = Release|x64
		Release|x86 = Release|x86
	EndGlobalSection
	GlobalSection(SolutionProperties) = preSolution
		HideSolutionNode = FALSE
	EndGlobalSection
	GlobalSection(ProjectConfigurationPlatforms) = postSolution
		{07135127-3DF4-45E1-A508-36F966C7BCC7}.Debug|Any CPU.ActiveCfg = Debug|Any CPU
		{07135127-3DF4-45E1-A508-36F966C7BCC7}.Debug|Any CPU.Build.0 = Debug|Any CPU
		{07135127-3DF4-45E1-A508-36F966C7BCC7}.Debug|x64.ActiveCfg = Debug|Any CPU
		{07135127-3DF4-45E1-A508-36F966C7BCC7}.Debug|x64.Build.0 = Debug|Any CPU
		{07135127-3DF4-45E1-A508-36F966C7BCC7}.Debug|x86.ActiveCfg = Debug|Any CPU
		{07135127-3DF4-45E1-A508-36F966C7BCC7}.Debug|x86.Build.0 = Debug|Any CPU
		{07135127-3DF4-45E1-A508-36F966C7BCC7}.Release|Any CPU.ActiveCfg = Release|Any CPU
		{07135127-3DF4-45E1-A508-36F966C7BCC7}.Release|Any CPU.Build.0 = Release|Any CPU
		{07135127-3DF4-45E1-A508-36F966C7BCC7}.Release|x64.ActiveCfg = Release|Any CPU
		{07135127-3DF4-45E1-A508-36F966C7BCC7}.Release|x64.Build.0 = Release|Any CPU
		{07135127-3DF4-45E1-A508-36F966C7BCC7}.Release|x86.ActiveCfg = Release|Any CPU
		{07135127-3DF4-45E1-A508-36F966C7BCC7}.Release|x86.Build.0 = Release|Any CPU
		{7D23C0DD-88E8-4B80-99E2-6285BB513E1B}.Debug|Any CPU.ActiveCfg = Debug|Any CPU
		{7D23C0DD-88E8-4B80-99E2-6285BB513E1B}.Debug|Any CPU.Build.0 = Debug|Any CPU
		{7D23C0DD-88E8-4B80-99E2-6285BB513E1B}.Debug|x64.ActiveCfg = Debug|Any CPU
		{7D23C0DD-88E8-4B80-99E2-6285BB513E1B}.Debug|x64.Build.0 = Debug|Any CPU
		{7D23C0DD-88E8-4B80-99E2-6285BB513E1B}.Debug|x86.ActiveCfg = Debug|Any CPU
		{7D23C0DD-88E8-4B80-99E2-6285BB513E1B}.Debug|x86.Build.0 = Debug|Any CPU
		{7D23C0DD-88E8-4B80-99E2-6285BB513E1B}.Release|Any CPU.ActiveCfg = Release|Any CPU
		{7D23C0DD-88E8-4B80-99E2-6285BB513E1B}.Release|Any CPU.Build.0 = Release|Any CPU
		{7D23C0DD-88E8-4B80-99E2-6285BB513E1B}.Release|x64.ActiveCfg = Release|Any CPU
		{7D23C0DD-88E8-4B80-99E2-6285BB513E1B}.Release|x64.Build.0 = Release|Any CPU
		{7D23C0DD-88E8-4B80-99E2-6285BB513E1B}.Release|x86.ActiveCfg = Release|Any CPU
		{7D23C0DD-88E8-4B80-99E2-6285BB513E1B}.Release|x86.Build.0 = Release|Any CPU
	EndGlobalSection
	GlobalSection(NestedProjects) = preSolution
		{07135127-3DF4-45E1-A508-36F966C7BCC7} = {73D2845A-778F-4ECF-955F-5FA925B28C9B}
		{7D23C0DD-88E8-4B80-99E2-6285BB513E1B} = {FBDA26AA-0FA4-4C48-A351-827D7A4950C4}
	EndGlobalSection
EndGlobal
